
Microsoft Visual Studio Solution File, Format Version 12.00
# Visual Studio Version 17
VisualStudioVersion = 17.10.35122.118
MinimumVisualStudioVersion = 10.0.40219.1
Project("{FAE04EC0-301F-11D3-BF4B-00C04F79EFBC}") = "Room Size", "Room Size\Room Size.csproj", "{8EA6CED6-0EC5-490D-A85F-363EC6EE2DF4}"
EndProject
Global
	GlobalSection(SolutionConfigurationPlatforms) = preSolution
		Debug|Any CPU = Debug|Any CPU
		Release|Any CPU = Release|Any CPU
	EndGlobalSection
	GlobalSection(ProjectConfigurationPlatforms) = postSolution
		{8EA6CED6-0EC5-490D-A85F-363EC6EE2DF4}.Debug|Any CPU.ActiveCfg = Debug|Any CPU
		{8EA6CED6-0EC5-490D-A85F-363EC6EE2DF4}.Debug|Any CPU.Build.0 = Debug|Any CPU
		{8EA6CED6-0EC5-490D-A85F-363EC6EE2DF4}.Release|Any CPU.ActiveCfg = Release|Any CPU
		{8EA6CED6-0EC5-490D-A85F-363EC6EE2DF4}.Release|Any CPU.Build.0 = Release|Any CPU
	EndGlobalSection
	GlobalSection(SolutionProperties) = preSolution
		HideSolutionNode = FALSE
	EndGlobalSection
	GlobalSection(ExtensibilityGlobals) = postSolution
		SolutionGuid = {1285AEC9-66A7-4628-966E-DD31EE17F389}
	EndGlobalSection
EndGlobal
